
Microsoft Visual Studio Solution File, Format Version 11.00
# Visual Studio 2010
Project("{2150E333-8FDC-42A3-9474-1A3956D46DE8}") = "DotNet20", "DotNet20", "{FED81FA8-F6EE-40E8-82B8-7A5ED31CAD5D}"
EndProject
Project("{2150E333-8FDC-42A3-9474-1A3956D46DE8}") = "DotNet35", "DotNet35", "{B6B54054-3B43-4233-8C07-F525953E53E9}"
EndProject
Project("{FAE04EC0-301F-11D3-BF4B-00C04F79EFBC}") = "ELMAH.MySql", "ELMAH.MySql\ELMAH.MySql.csproj", "{A43E6868-B598-4A42-BDD3-C8F4AB99B25A}"
EndProject
Project("{FAE04EC0-301F-11D3-BF4B-00C04F79EFBC}") = "ELMAH.MySql", "DotNet35\ELMAH.MySql\ELMAH.MySql.csproj", "{9AC4743C-8D3D-4518-A90C-B155D6ADC39C}"
EndProject
Global
	GlobalSection(SolutionConfigurationPlatforms) = preSolution
		Debug|Any CPU = Debug|Any CPU
		Release|Any CPU = Release|Any CPU
	EndGlobalSection
	GlobalSection(ProjectConfigurationPlatforms) = postSolution
		{A43E6868-B598-4A42-BDD3-C8F4AB99B25A}.Debug|Any CPU.ActiveCfg = Debug|Any CPU
		{A43E6868-B598-4A42-BDD3-C8F4AB99B25A}.Debug|Any CPU.Build.0 = Debug|Any CPU
		{A43E6868-B598-4A42-BDD3-C8F4AB99B25A}.Release|Any CPU.ActiveCfg = Release|Any CPU
		{A43E6868-B598-4A42-BDD3-C8F4AB99B25A}.Release|Any CPU.Build.0 = Release|Any CPU
		{9AC4743C-8D3D-4518-A90C-B155D6ADC39C}.Debug|Any CPU.ActiveCfg = Debug|Any CPU
		{9AC4743C-8D3D-4518-A90C-B155D6ADC39C}.Debug|Any CPU.Build.0 = Debug|Any CPU
		{9AC4743C-8D3D-4518-A90C-B155D6ADC39C}.Release|Any CPU.ActiveCfg = Release|Any CPU
		{9AC4743C-8D3D-4518-A90C-B155D6ADC39C}.Release|Any CPU.Build.0 = Release|Any CPU
	EndGlobalSection
	GlobalSection(SolutionProperties) = preSolution
		HideSolutionNode = FALSE
	EndGlobalSection
	GlobalSection(NestedProjects) = preSolution
		{A43E6868-B598-4A42-BDD3-C8F4AB99B25A} = {FED81FA8-F6EE-40E8-82B8-7A5ED31CAD5D}
		{9AC4743C-8D3D-4518-A90C-B155D6ADC39C} = {B6B54054-3B43-4233-8C07-F525953E53E9}
	EndGlobalSection
EndGlobal
